
Microsoft Visual Studio Solution File, Format Version 12.00
# Visual Studio 15
VisualStudioVersion = 15.0.27428.2043
MinimumVisualStudioVersion = 10.0.40219.1
Project("{FAE04EC0-301F-11D3-BF4B-00C04F79EFBC}") = "VisualSearchApp.Android", "VisualSearchApp\VisualSearchApp.Android\VisualSearchApp.Android.csproj", "{78D7F385-173F-4AF0-B0DC-10777235CD48}"
EndProject
Project("{FAE04EC0-301F-11D3-BF4B-00C04F79EFBC}") = "VisualSearchApp.iOS", "VisualSearchApp\VisualSearchApp.iOS\VisualSearchApp.iOS.csproj", "{DC1EAEA9-49DD-4F56-928E-EB5A91F3B98B}"
EndProject
Project("{FAE04EC0-301F-11D3-BF4B-00C04F79EFBC}") = "VisualSearchApp.UWP", "VisualSearchApp\VisualSearchApp.UWP\VisualSearchApp.UWP.csproj", "{9A2B0A41-6DC1-4D5C-99E6-C592528DC53E}"
EndProject
Project("{FAE04EC0-301F-11D3-BF4B-00C04F79EFBC}") = "VisualSearchApp", "VisualSearchApp\VisualSearchApp\VisualSearchApp.csproj", "{47107E97-F4EF-4AFE-8048-3E0D9016E68E}"
EndProject
Global
	GlobalSection(SolutionConfigurationPlatforms) = preSolution
		Ad-Hoc|Any CPU = Ad-Hoc|Any CPU
		Ad-Hoc|ARM = Ad-Hoc|ARM
		Ad-Hoc|iPhone = Ad-Hoc|iPhone
		Ad-Hoc|iPhoneSimulator = Ad-Hoc|iPhoneSimulator
		Ad-Hoc|x64 = Ad-Hoc|x64
		Ad-Hoc|x86 = Ad-Hoc|x86
		AppStore|Any CPU = AppStore|Any CPU
		AppStore|ARM = AppStore|ARM
		AppStore|iPhone = AppStore|iPhone
		AppStore|iPhoneSimulator = AppStore|iPhoneSimulator
		AppStore|x64 = AppStore|x64
		AppStore|x86 = AppStore|x86
		Debug|Any CPU = Debug|Any CPU
		Debug|ARM = Debug|ARM
		Debug|iPhone = Debug|iPhone
		Debug|iPhoneSimulator = Debug|iPhoneSimulator
		Debug|x64 = Debug|x64
		Debug|x86 = Debug|x86
		Release|Any CPU = Release|Any CPU
		Release|ARM = Release|ARM
		Release|iPhone = Release|iPhone
		Release|iPhoneSimulator = Release|iPhoneSimulator
		Release|x64 = Release|x64
		Release|x86 = Release|x86
	EndGlobalSection
	GlobalSection(ProjectConfigurationPlatforms) = postSolution
		{78D7F385-173F-4AF0-B0DC-10777235CD48}.Ad-Hoc|Any CPU.ActiveCfg = Release|Any CPU
		{78D7F385-173F-4AF0-B0DC-10777235CD48}.Ad-Hoc|Any CPU.Build.0 = Release|Any CPU
		{78D7F385-173F-4AF0-B0DC-10777235CD48}.Ad-Hoc|Any CPU.Deploy.0 = Release|Any CPU
		{78D7F385-173F-4AF0-B0DC-10777235CD48}.Ad-Hoc|ARM.ActiveCfg = Release|Any CPU
		{78D7F385-173F-4AF0-B0DC-10777235CD48}.Ad-Hoc|ARM.Build.0 = Release|Any CPU
		{78D7F385-173F-4AF0-B0DC-10777235CD48}.Ad-Hoc|ARM.Deploy.0 = Release|Any CPU
		{78D7F385-173F-4AF0-B0DC-10777235CD48}.Ad-Hoc|iPhone.ActiveCfg = Release|Any CPU
		{78D7F385-173F-4AF0-B0DC-10777235CD48}.Ad-Hoc|iPhone.Build.0 = Release|Any CPU
		{78D7F385-173F-4AF0-B0DC-10777235CD48}.Ad-Hoc|iPhone.Deploy.0 = Release|Any CPU
		{78D7F385-173F-4AF0-B0DC-10777235CD48}.Ad-Hoc|iPhoneSimulator.ActiveCfg = Release|Any CPU
		{78D7F385-173F-4AF0-B0DC-10777235CD48}.Ad-Hoc|iPhoneSimulator.Build.0 = Release|Any CPU
		{78D7F385-173F-4AF0-B0DC-10777235CD48}.Ad-Hoc|iPhoneSimulator.Deploy.0 = Release|Any CPU
		{78D7F385-173F-4AF0-B0DC-10777235CD48}.Ad-Hoc|x64.ActiveCfg = Release|Any CPU
		{78D7F385-173F-4AF0-B0DC-10777235CD48}.Ad-Hoc|x64.Build.0 = Release|Any CPU
		{78D7F385-173F-4AF0-B0DC-10777235CD48}.Ad-Hoc|x64.Deploy.0 = Release|Any CPU
		{78D7F385-173F-4AF0-B0DC-10777235CD48}.Ad-Hoc|x86.ActiveCfg = Release|Any CPU
		{78D7F385-173F-4AF0-B0DC-10777235CD48}.Ad-Hoc|x86.Build.0 = Release|Any CPU
		{78D7F385-173F-4AF0-B0DC-10777235CD48}.Ad-Hoc|x86.Deploy.0 = Release|Any CPU
		{78D7F385-173F-4AF0-B0DC-10777235CD48}.AppStore|Any CPU.ActiveCfg = Release|Any CPU
		{78D7F385-173F-4AF0-B0DC-10777235CD48}.AppStore|Any CPU.Build.0 = Release|Any CPU
		{78D7F385-173F-4AF0-B0DC-10777235CD48}.AppStore|Any CPU.Deploy.0 = Release|Any CPU
		{78D7F385-173F-4AF0-B0DC-10777235CD48}.AppStore|ARM.ActiveCfg = Release|Any CPU
		{78D7F385-173F-4AF0-B0DC-10777235CD48}.AppStore|ARM.Build.0 = Release|Any CPU
		{78D7F385-173F-4AF0-B0DC-10777235CD48}.AppStore|ARM.Deploy.0 = Release|Any CPU
		{78D7F385-173F-4AF0-B0DC-10777235CD48}.AppStore|iPhone.ActiveCfg = Release|Any CPU
		{78D7F385-173F-4AF0-B0DC-10777235CD48}.AppStore|iPhoneSimulator.ActiveCfg = Release|Any CPU
		{78D7F385-173F-4AF0-B0DC-10777235CD48}.AppStore|x64.ActiveCfg = Release|Any CPU
		{78D7F385-173F-4AF0-B0DC-10777235CD48}.AppStore|x86.ActiveCfg = Release|Any CPU
		{78D7F385-173F-4AF0-B0DC-10777235CD48}.Debug|Any CPU.ActiveCfg = Debug|Any CPU
		{78D7F385-173F-4AF0-B0DC-10777235CD48}.Debug|Any CPU.Build.0 = Debug|Any CPU
		{78D7F385-173F-4AF0-B0DC-10777235CD48}.Debug|Any CPU.Deploy.0 = Debug|Any CPU
		{78D7F385-173F-4AF0-B0DC-10777235CD48}.Debug|ARM.ActiveCfg = Debug|Any CPU
		{78D7F385-173F-4AF0-B0DC-10777235CD48}.Debug|ARM.Build.0 = Debug|Any CPU
		{78D7F385-173F-4AF0-B0DC-10777235CD48}.Debug|ARM.Deploy.0 = Debug|Any CPU
		{78D7F385-173F-4AF0-B0DC-10777235CD48}.Debug|iPhone.ActiveCfg = Debug|Any CPU
		{78D7F385-173F-4AF0-B0DC-10777235CD48}.Debug|iPhoneSimulator.ActiveCfg = Debug|Any CPU
		{78D7F385-173F-4AF0-B0DC-10777235CD48}.Debug|x64.ActiveCfg = Debug|Any CPU
		{78D7F385-173F-4AF0-B0DC-10777235CD48}.Debug|x86.ActiveCfg = Debug|Any CPU
		{78D7F385-173F-4AF0-B0DC-10777235CD48}.Release|Any CPU.ActiveCfg = Release|Any CPU
		{78D7F385-173F-4AF0-B0DC-10777235CD48}.Release|Any CPU.Build.0 = Release|Any CPU
		{78D7F385-173F-4AF0-B0DC-10777235CD48}.Release|Any CPU.Deploy.0 = Release|Any CPU
		{78D7F385-173F-4AF0-B0DC-10777235CD48}.Release|ARM.ActiveCfg = Release|Any CPU
		{78D7F385-173F-4AF0-B0DC-10777235CD48}.Release|ARM.Build.0 = Release|Any CPU
		{78D7F385-173F-4AF0-B0DC-10777235CD48}.Release|ARM.Deploy.0 = Release|Any CPU
		{78D7F385-173F-4AF0-B0DC-10777235CD48}.Release|iPhone.ActiveCfg = Release|Any CPU
		{78D7F385-173F-4AF0-B0DC-10777235CD48}.Release|iPhoneSimulator.ActiveCfg = Release|Any CPU
		{78D7F385-173F-4AF0-B0DC-10777235CD48}.Release|x64.ActiveCfg = Release|Any CPU
		{78D7F385-173F-4AF0-B0DC-10777235CD48}.Release|x86.ActiveCfg = Release|Any CPU
		{DC1EAEA9-49DD-4F56-928E-EB5A91F3B98B}.Ad-Hoc|Any CPU.ActiveCfg = Ad-Hoc|iPhone
		{DC1EAEA9-49DD-4F56-928E-EB5A91F3B98B}.Ad-Hoc|ARM.ActiveCfg = Ad-Hoc|iPhone
		{DC1EAEA9-49DD-4F56-928E-EB5A91F3B98B}.Ad-Hoc|iPhone.ActiveCfg = Ad-Hoc|iPhone
		{DC1EAEA9-49DD-4F56-928E-EB5A91F3B98B}.Ad-Hoc|iPhone.Build.0 = Ad-Hoc|iPhone
		{DC1EAEA9-49DD-4F56-928E-EB5A91F3B98B}.Ad-Hoc|iPhoneSimulator.ActiveCfg = Ad-Hoc|iPhoneSimulator
		{DC1EAEA9-49DD-4F56-928E-EB5A91F3B98B}.Ad-Hoc|iPhoneSimulator.Build.0 = Ad-Hoc|iPhoneSimulator
		{DC1EAEA9-49DD-4F56-928E-EB5A91F3B98B}.Ad-Hoc|x64.ActiveCfg = Ad-Hoc|iPhone
		{DC1EAEA9-49DD-4F56-928E-EB5A91F3B98B}.Ad-Hoc|x86.ActiveCfg = Ad-Hoc|iPhone
		{DC1EAEA9-49DD-4F56-928E-EB5A91F3B98B}.AppStore|Any CPU.ActiveCfg = AppStore|iPhone
		{DC1EAEA9-49DD-4F56-928E-EB5A91F3B98B}.AppStore|ARM.ActiveCfg = AppStore|iPhone
		{DC1EAEA9-49DD-4F56-928E-EB5A91F3B98B}.AppStore|iPhone.ActiveCfg = AppStore|iPhone
		{DC1EAEA9-49DD-4F56-928E-EB5A91F3B98B}.AppStore|iPhone.Build.0 = AppStore|iPhone
		{DC1EAEA9-49DD-4F56-928E-EB5A91F3B98B}.AppStore|iPhoneSimulator.ActiveCfg = AppStore|iPhoneSimulator
		{DC1EAEA9-49DD-4F56-928E-EB5A91F3B98B}.AppStore|iPhoneSimulator.Build.0 = AppStore|iPhoneSimulator
		{DC1EAEA9-49DD-4F56-928E-EB5A91F3B98B}.AppStore|x64.ActiveCfg = AppStore|iPhone
		{DC1EAEA9-49DD-4F56-928E-EB5A91F3B98B}.AppStore|x86.ActiveCfg = AppStore|iPhone
		{DC1EAEA9-49DD-4F56-928E-EB5A91F3B98B}.Debug|Any CPU.ActiveCfg = Debug|iPhone
		{DC1EAEA9-49DD-4F56-928E-EB5A91F3B98B}.Debug|ARM.ActiveCfg = Debug|iPhone
		{DC1EAEA9-49DD-4F56-928E-EB5A91F3B98B}.Debug|iPhone.ActiveCfg = Debug|iPhone
		{DC1EAEA9-49DD-4F56-928E-EB5A91F3B98B}.Debug|iPhone.Build.0 = Debug|iPhone
		{DC1EAEA9-49DD-4F56-928E-EB5A91F3B98B}.Debug|iPhoneSimulator.ActiveCfg = Debug|iPhoneSimulator
		{DC1EAEA9-49DD-4F56-928E-EB5A91F3B98B}.Debug|iPhoneSimulator.Build.0 = Debug|iPhoneSimulator
		{DC1EAEA9-49DD-4F56-928E-EB5A91F3B98B}.Debug|x64.ActiveCfg = Debug|iPhone
		{DC1EAEA9-49DD-4F56-928E-EB5A91F3B98B}.Debug|x86.ActiveCfg = Debug|iPhone
		{DC1EAEA9-49DD-4F56-928E-EB5A91F3B98B}.Release|Any CPU.ActiveCfg = Release|iPhone
		{DC1EAEA9-49DD-4F56-928E-EB5A91F3B98B}.Release|ARM.ActiveCfg = Release|iPhone
		{DC1EAEA9-49DD-4F56-928E-EB5A91F3B98B}.Release|iPhone.ActiveCfg = Release|iPhone
		{DC1EAEA9-49DD-4F56-928E-EB5A91F3B98B}.Release|iPhone.Build.0 = Release|iPhone
		{DC1EAEA9-49DD-4F56-928E-EB5A91F3B98B}.Release|iPhoneSimulator.ActiveCfg = Release|iPhoneSimulator
		{DC1EAEA9-49DD-4F56-928E-EB5A91F3B98B}.Release|iPhoneSimulator.Build.0 = Release|iPhoneSimulator
		{DC1EAEA9-49DD-4F56-928E-EB5A91F3B98B}.Release|x64.ActiveCfg = Release|iPhone
		{DC1EAEA9-49DD-4F56-928E-EB5A91F3B98B}.Release|x86.ActiveCfg = Release|iPhone
		{9A2B0A41-6DC1-4D5C-99E6-C592528DC53E}.Ad-Hoc|Any CPU.ActiveCfg = Release|x86
		{9A2B0A41-6DC1-4D5C-99E6-C592528DC53E}.Ad-Hoc|Any CPU.Build.0 = Release|x86
		{9A2B0A41-6DC1-4D5C-99E6-C592528DC53E}.Ad-Hoc|Any CPU.Deploy.0 = Release|x86
		{9A2B0A41-6DC1-4D5C-99E6-C592528DC53E}.Ad-Hoc|ARM.ActiveCfg = Release|ARM
		{9A2B0A41-6DC1-4D5C-99E6-C592528DC53E}.Ad-Hoc|ARM.Build.0 = Release|ARM
		{9A2B0A41-6DC1-4D5C-99E6-C592528DC53E}.Ad-Hoc|ARM.Deploy.0 = Release|ARM
		{9A2B0A41-6DC1-4D5C-99E6-C592528DC53E}.Ad-Hoc|iPhone.ActiveCfg = Release|x86
		{9A2B0A41-6DC1-4D5C-99E6-C592528DC53E}.Ad-Hoc|iPhone.Build.0 = Release|x86
		{9A2B0A41-6DC1-4D5C-99E6-C592528DC53E}.Ad-Hoc|iPhone.Deploy.0 = Release|x86
		{9A2B0A41-6DC1-4D5C-99E6-C592528DC53E}.Ad-Hoc|iPhoneSimulator.ActiveCfg = Release|x86
		{9A2B0A41-6DC1-4D5C-99E6-C592528DC53E}.Ad-Hoc|iPhoneSimulator.Build.0 = Release|x86
		{9A2B0A41-6DC1-4D5C-99E6-C592528DC53E}.Ad-Hoc|iPhoneSimulator.Deploy.0 = Release|x86
		{9A2B0A41-6DC1-4D5C-99E6-C592528DC53E}.Ad-Hoc|x64.ActiveCfg = Release|x64
		{9A2B0A41-6DC1-4D5C-99E6-C592528DC53E}.Ad-Hoc|x64.Build.0 = Release|x64
		{9A2B0A41-6DC1-4D5C-99E6-C592528DC53E}.Ad-Hoc|x64.Deploy.0 = Release|x64
		{9A2B0A41-6DC1-4D5C-99E6-C592528DC53E}.Ad-Hoc|x86.ActiveCfg = Release|x86
		{9A2B0A41-6DC1-4D5C-99E6-C592528DC53E}.Ad-Hoc|x86.Build.0 = Release|x86
		{9A2B0A41-6DC1-4D5C-99E6-C592528DC53E}.Ad-Hoc|x86.Deploy.0 = Release|x86
		{9A2B0A41-6DC1-4D5C-99E6-C592528DC53E}.AppStore|Any CPU.ActiveCfg = Release|x86
		{9A2B0A41-6DC1-4D5C-99E6-C592528DC53E}.AppStore|ARM.ActiveCfg = Release|ARM
		{9A2B0A41-6DC1-4D5C-99E6-C592528DC53E}.AppStore|ARM.Build.0 = Release|ARM
		{9A2B0A41-6DC1-4D5C-99E6-C592528DC53E}.AppStore|ARM.Deploy.0 = Release|ARM
		{9A2B0A41-6DC1-4D5C-99E6-C592528DC53E}.AppStore|iPhone.ActiveCfg = Release|x86
		{9A2B0A41-6DC1-4D5C-99E6-C592528DC53E}.AppStore|iPhoneSimulator.ActiveCfg = Release|x86
		{9A2B0A41-6DC1-4D5C-99E6-C592528DC53E}.AppStore|x64.ActiveCfg = Release|x64
		{9A2B0A41-6DC1-4D5C-99E6-C592528DC53E}.AppStore|x64.Build.0 = Release|x64
		{9A2B0A41-6DC1-4D5C-99E6-C592528DC53E}.AppStore|x64.Deploy.0 = Release|x64
		{9A2B0A41-6DC1-4D5C-99E6-C592528DC53E}.AppStore|x86.ActiveCfg = Release|x86
		{9A2B0A41-6DC1-4D5C-99E6-C592528DC53E}.AppStore|x86.Build.0 = Release|x86
		{9A2B0A41-6DC1-4D5C-99E6-C592528DC53E}.AppStore|x86.Deploy.0 = Release|x86
		{9A2B0A41-6DC1-4D5C-99E6-C592528DC53E}.Debug|Any CPU.ActiveCfg = Debug|x86
		{9A2B0A41-6DC1-4D5C-99E6-C592528DC53E}.Debug|ARM.ActiveCfg = Debug|ARM
		{9A2B0A41-6DC1-4D5C-99E6-C592528DC53E}.Debug|ARM.Build.0 = Debug|ARM
		{9A2B0A41-6DC1-4D5C-99E6-C592528DC53E}.Debug|ARM.Deploy.0 = Debug|ARM
		{9A2B0A41-6DC1-4D5C-99E6-C592528DC53E}.Debug|iPhone.ActiveCfg = Debug|x86
		{9A2B0A41-6DC1-4D5C-99E6-C592528DC53E}.Debug|iPhoneSimulator.ActiveCfg = Debug|x86
		{9A2B0A41-6DC1-4D5C-99E6-C592528DC53E}.Debug|x64.ActiveCfg = Debug|x64
		{9A2B0A41-6DC1-4D5C-99E6-C592528DC53E}.Debug|x64.Build.0 = Debug|x64
		{9A2B0A41-6DC1-4D5C-99E6-C592528DC53E}.Debug|x64.Deploy.0 = Debug|x64
		{9A2B0A41-6DC1-4D5C-99E6-C592528DC53E}.Debug|x86.ActiveCfg = Debug|x86
		{9A2B0A41-6DC1-4D5C-99E6-C592528DC53E}.Debug|x86.Build.0 = Debug|x86
		{9A2B0A41-6DC1-4D5C-99E6-C592528DC53E}.Debug|x86.Deploy.0 = Debug|x86
		{9A2B0A41-6DC1-4D5C-99E6-C592528DC53E}.Release|Any CPU.ActiveCfg = Release|x86
		{9A2B0A41-6DC1-4D5C-99E6-C592528DC53E}.Release|ARM.ActiveCfg = Release|ARM
		{9A2B0A41-6DC1-4D5C-99E6-C592528DC53E}.Release|ARM.Build.0 = Release|ARM
		{9A2B0A41-6DC1-4D5C-99E6-C592528DC53E}.Release|ARM.Deploy.0 = Release|ARM
		{9A2B0A41-6DC1-4D5C-99E6-C592528DC53E}.Release|iPhone.ActiveCfg = Release|x86
		{9A2B0A41-6DC1-4D5C-99E6-C592528DC53E}.Release|iPhoneSimulator.ActiveCfg = Release|x86
		{9A2B0A41-6DC1-4D5C-99E6-C592528DC53E}.Release|x64.ActiveCfg = Release|x64
		{9A2B0A41-6DC1-4D5C-99E6-C592528DC53E}.Release|x64.Build.0 = Release|x64
		{9A2B0A41-6DC1-4D5C-99E6-C592528DC53E}.Release|x64.Deploy.0 = Release|x64
		{9A2B0A41-6DC1-4D5C-99E6-C592528DC53E}.Release|x86.ActiveCfg = Release|x86
		{9A2B0A41-6DC1-4D5C-99E6-C592528DC53E}.Release|x86.Build.0 = Release|x86
		{9A2B0A41-6DC1-4D5C-99E6-C592528DC53E}.Release|x86.Deploy.0 = Release|x86
		{47107E97-F4EF-4AFE-8048-3E0D9016E68E}.Ad-Hoc|Any CPU.ActiveCfg = Debug|Any CPU
		{47107E97-F4EF-4AFE-8048-3E0D9016E68E}.Ad-Hoc|Any CPU.Build.0 = Debug|Any CPU
		{47107E97-F4EF-4AFE-8048-3E0D9016E68E}.Ad-Hoc|ARM.ActiveCfg = Debug|Any CPU
		{47107E97-F4EF-4AFE-8048-3E0D9016E68E}.Ad-Hoc|ARM.Build.0 = Debug|Any CPU
		{47107E97-F4EF-4AFE-8048-3E0D9016E68E}.Ad-Hoc|iPhone.ActiveCfg = Debug|Any CPU
		{47107E97-F4EF-4AFE-8048-3E0D9016E68E}.Ad-Hoc|iPhone.Build.0 = Debug|Any CPU
		{47107E97-F4EF-4AFE-8048-3E0D9016E68E}.Ad-Hoc|iPhoneSimulator.ActiveCfg = Debug|Any CPU
		{47107E97-F4EF-4AFE-8048-3E0D9016E68E}.Ad-Hoc|iPhoneSimulator.Build.0 = Debug|Any CPU
		{47107E97-F4EF-4AFE-8048-3E0D9016E68E}.Ad-Hoc|x64.ActiveCfg = Debug|Any CPU
		{47107E97-F4EF-4AFE-8048-3E0D9016E68E}.Ad-Hoc|x64.Build.0 = Debug|Any CPU
		{47107E97-F4EF-4AFE-8048-3E0D9016E68E}.Ad-Hoc|x86.ActiveCfg = Debug|Any CPU
		{47107E97-F4EF-4AFE-8048-3E0D9016E68E}.Ad-Hoc|x86.Build.0 = Debug|Any CPU
		{47107E97-F4EF-4AFE-8048-3E0D9016E68E}.AppStore|Any CPU.ActiveCfg = Debug|Any CPU
		{47107E97-F4EF-4AFE-8048-3E0D9016E68E}.AppStore|Any CPU.Build.0 = Debug|Any CPU
		{47107E97-F4EF-4AFE-8048-3E0D9016E68E}.AppStore|ARM.ActiveCfg = Debug|Any CPU
		{47107E97-F4EF-4AFE-8048-3E0D9016E68E}.AppStore|ARM.Build.0 = Debug|Any CPU
		{47107E97-F4EF-4AFE-8048-3E0D9016E68E}.AppStore|iPhone.ActiveCfg = Debug|Any CPU
		{47107E97-F4EF-4AFE-8048-3E0D9016E68E}.AppStore|iPhone.Build.0 = Debug|Any CPU
		{47107E97-F4EF-4AFE-8048-3E0D9016E68E}.AppStore|iPhoneSimulator.ActiveCfg = Debug|Any CPU
		{47107E97-F4EF-4AFE-8048-3E0D9016E68E}.AppStore|iPhoneSimulator.Build.0 = Debug|Any CPU
		{47107E97-F4EF-4AFE-8048-3E0D9016E68E}.AppStore|x64.ActiveCfg = Debug|Any CPU
		{47107E97-F4EF-4AFE-8048-3E0D9016E68E}.AppStore|x64.Build.0 = Debug|Any CPU
		{47107E97-F4EF-4AFE-8048-3E0D9016E68E}.AppStore|x86.ActiveCfg = Debug|Any CPU
		{47107E97-F4EF-4AFE-8048-3E0D9016E68E}.AppStore|x86.Build.0 = Debug|Any CPU
		{47107E97-F4EF-4AFE-8048-3E0D9016E68E}.Debug|Any CPU.ActiveCfg = Debug|Any CPU
		{47107E97-F4EF-4AFE-8048-3E0D9016E68E}.Debug|Any CPU.Build.0 = Debug|Any CPU
		{47107E97-F4EF-4AFE-8048-3E0D9016E68E}.Debug|ARM.ActiveCfg = Debug|Any CPU
		{47107E97-F4EF-4AFE-8048-3E0D9016E68E}.Debug|ARM.Build.0 = Debug|Any CPU
		{47107E97-F4EF-4AFE-8048-3E0D9016E68E}.Debug|iPhone.ActiveCfg = Debug|Any CPU
		{47107E97-F4EF-4AFE-8048-3E0D9016E68E}.Debug|iPhone.Build.0 = Debug|Any CPU
		{47107E97-F4EF-4AFE-8048-3E0D9016E68E}.Debug|iPhoneSimulator.ActiveCfg = Debug|Any CPU
		{47107E97-F4EF-4AFE-8048-3E0D9016E68E}.Debug|iPhoneSimulator.Build.0 = Debug|Any CPU
		{47107E97-F4EF-4AFE-8048-3E0D9016E68E}.Debug|x64.ActiveCfg = Debug|Any CPU
		{47107E97-F4EF-4AFE-8048-3E0D9016E68E}.Debug|x64.Build.0 = Debug|Any CPU
		{47107E97-F4EF-4AFE-8048-3E0D9016E68E}.Debug|x86.ActiveCfg = Debug|Any CPU
		{47107E97-F4EF-4AFE-8048-3E0D9016E68E}.Debug|x86.Build.0 = Debug|Any CPU
		{47107E97-F4EF-4AFE-8048-3E0D9016E68E}.Release|Any CPU.ActiveCfg = Release|Any CPU
		{47107E97-F4EF-4AFE-8048-3E0D9016E68E}.Release|Any CPU.Build.0 = Release|Any CPU
		{47107E97-F4EF-4AFE-8048-3E0D9016E68E}.Release|ARM.ActiveCfg = Release|Any CPU
		{47107E97-F4EF-4AFE-8048-3E0D9016E68E}.Release|ARM.Build.0 = Release|Any CPU
		{47107E97-F4EF-4AFE-8048-3E0D9016E68E}.Release|iPhone.ActiveCfg = Release|Any CPU
		{47107E97-F4EF-4AFE-8048-3E0D9016E68E}.Release|iPhone.Build.0 = Release|Any CPU
		{47107E97-F4EF-4AFE-8048-3E0D9016E68E}.Release|iPhoneSimulator.ActiveCfg = Release|Any CPU
		{47107E97-F4EF-4AFE-8048-3E0D9016E68E}.Release|iPhoneSimulator.Build.0 = Release|Any CPU
		{47107E97-F4EF-4AFE-8048-3E0D9016E68E}.Release|x64.ActiveCfg = Release|Any CPU
		{47107E97-F4EF-4AFE-8048-3E0D9016E68E}.Release|x64.Build.0 = Release|Any CPU
		{47107E97-F4EF-4AFE-8048-3E0D9016E68E}.Release|x86.ActiveCfg = Release|Any CPU
		{47107E97-F4EF-4AFE-8048-3E0D9016E68E}.Release|x86.Build.0 = Release|Any CPU
	EndGlobalSection
	GlobalSection(SolutionProperties) = preSolution
		HideSolutionNode = FALSE
	EndGlobalSection
	GlobalSection(ExtensibilityGlobals) = postSolution
		SolutionGuid = {FE1D642A-12EC-4CEA-8569-D84AA172E685}
	EndGlobalSection
EndGlobal
